// !$*UTF8*$!
{
	archiveVersion = 1;
	classes = {
	};
	objectVersion = 50;
	objects = {

/* Begin PBXBuildFile section */
		675D027220E1D9F0004E0687 /* AppDelegate.m in Sources */ = {isa = PBXBuildFile; fileRef = 675D027120E1D9F0004E0687 /* AppDelegate.m */; };
		675D027520E1D9F0004E0687 /* ViewController.m in Sources */ = {isa = PBXBuildFile; fileRef = 675D027420E1D9F0004E0687 /* ViewController.m */; };
		675D027820E1D9F0004E0687 /* Main.storyboard in Resources */ = {isa = PBXBuildFile; fileRef = 675D027620E1D9F0004E0687 /* Main.storyboard */; };
		675D027A20E1D9F2004E0687 /* Assets.xcassets in Resources */ = {isa = PBXBuildFile; fileRef = 675D027920E1D9F2004E0687 /* Assets.xcassets */; };
		675D027D20E1D9F2004E0687 /* LaunchScreen.storyboard in Resources */ = {isa = PBXBuildFile; fileRef = 675D027B20E1D9F2004E0687 /* LaunchScreen.storyboard */; };
		675D028020E1D9F2004E0687 /* main.m in Sources */ = {isa = PBXBuildFile; fileRef = 675D027F20E1D9F2004E0687 /* main.m */; };
/* End PBXBuildFile section */

/* Begin PBXFileReference section */
		675D026D20E1D9F0004E0687 /* MySDKDemo.app */ = {isa = PBXFileReference; explicitFileType = wrapper.application; includeInIndex = 0; path = MySDKDemo.app; sourceTree = BUILT_PRODUCTS_DIR; };
		675D027020E1D9F0004E0687 /* AppDelegate.h */ = {isa = PBXFileReference; lastKnownFileType = sourcecode.c.h; path = AppDelegate.h; sourceTree = "<group>"; };
		675D027120E1D9F0004E0687 /* AppDelegate.m */ = {isa = PBXFileReference; lastKnownFileType = sourcecode.c.objc; path = AppDelegate.m; sourceTree = "<group>"; };
		675D027320E1D9F0004E0687 /* ViewController.h */ = {isa = PBXFileReference; lastKnownFileType = sourcecode.c.h; path = ViewController.h; sourceTree = "<group>"; };
		675D027420E1D9F0004E0687 /* ViewController.m */ = {isa = PBXFileReference; lastKnownFileType = sourcecode.c.objc; path = ViewController.m; sourceTree = "<group>"; };
		675D027720E1D9F0004E0687 /* Base */ = {isa = PBXFileReference; lastKnownFileType = file.storyboard; name = Base; path = Base.lproj/Main.storyboard; sourceTree = "<group>"; };
		675D027920E1D9F2004E0687 /* Assets.xcassets */ = {isa = PBXFileReference; lastKnownFileType = folder.assetcatalog; path = Assets.xcassets; sourceTree = "<group>"; };
		675D027C20E1D9F2004E0687 /* Base */ = {isa = PBXFileReference; lastKnownFileType = file.storyboard; name = Base; path = Base.lproj/LaunchScreen.storyboard; sourceTree = "<group>"; };
		675D027E20E1D9F2004E0687 /* Info.plist */ = {isa = PBXFileReference; lastKnownFileType = text.plist.xml; path = Info.plist; sourceTree = "<group>"; };
		675D027F20E1D9F2004E0687 /* main.m */ = {isa = PBXFileReference; lastKnownFileType = sourcecode.c.objc; path = main.m; sourceTree = "<group>"; };
/* End PBXFileReference section */

/* Begin PBXFrameworksBuildPhase section */
		675D026A20E1D9F0004E0687 /* Frameworks */ = {
			isa = PBXFrameworksBuildPhase;
			buildActionMask = 2147483647;
			files = (
			);
			runOnlyForDeploymentPostprocessing = 0;
		};
/* End PBXFrameworksBuildPhase section */

/* Begin PBXGroup section */
		675D026420E1D9F0004E0687 = {
			isa = PBXGroup;
			children = (
				675D026F20E1D9F0004E0687 /* MySDKDemo */,
				675D026E20E1D9F0004E0687 /* Products */,
			);
			sourceTree = "<group>";
		};
		675D026E20E1D9F0004E0687 /* Products */ = {
			isa = PBXGroup;
			children = (
				675D026D20E1D9F0004E0687 /* MySDKDemo.app */,
			);
			name = Products;
			sourceTree = "<group>";
		};
		675D026F20E1D9F0004E0687 /* MySDKDemo */ = {
			isa = PBXGroup;
			children = (
				675D027020E1D9F0004E0687 /* AppDelegate.h */,
				675D027120E1D9F0004E0687 /* AppDelegate.m */,
				675D027320E1D9F0004E0687 /* ViewController.h */,
				675D027420E1D9F0004E0687 /* ViewController.m */,
				675D027620E1D9F0004E0687 /* Main.storyboard */,
				675D027920E1D9F2004E0687 /* Assets.xcassets */,
				675D027B20E1D9F2004E0687 /* LaunchScreen.storyboard */,
				675D027E20E1D9F2004E0687 /* Info.plist */,
				675D027F20E1D9F2004E0687 /* main.m */,
			);
			path = MySDKDemo;
			sourceTree = "<group>";
		};
/* End PBXGroup section */

/* Begin PBXNativeTarget section */
		675D026C20E1D9F0004E0687 /* MySDKDemo */ = {
			isa = PBXNativeTarget;
			buildConfigurationList = 675D028320E1D9F2004E0687 /* Build configuration list for PBXNativeTarget "MySDKDemo" */;
			buildPhases = (
				675D026920E1D9F0004E0687 /* Sources */,
				675D026A20E1D9F0004E0687 /* Frameworks */,
				675D026B20E1D9F0004E0687 /* Resources */,
			);
			buildRules = (
			);
			dependencies = (
			);
			name = MySDKDemo;
			productName = MySDKDemo;
			productReference = 675D026D20E1D9F0004E0687 /* MySDKDemo.app */;
			productType = "com.apple.product-type.application";
		};
/* End PBXNativeTarget section */

/* Begin PBXProject section */
		675D026520E1D9F0004E0687 /* Project object */ = {
			isa = PBXProject;
			attributes = {
				LastUpgradeCheck = 0940;
				ORGANIZATIONNAME = "李一贤";
				TargetAttributes = {
					675D026C20E1D9F0004E0687 = {
						CreatedOnToolsVersion = 9.4;
					};
				};
			};
			buildConfigurationList = 675D026820E1D9F0004E0687 /* Build configuration list for PBXProject "MySDKDemo" */;
			compatibilityVersion = "Xcode 9.3";
			developmentRegion = en;
			hasScannedForEncodings = 0;
			knownRegions = (
				en,
				Base,
			);
			mainGroup = 675D026420E1D9F0004E0687;
			productRefGroup = 675D026E20E1D9F0004E0687 /* Products */;
			projectDirPath = "";
			projectRoot = "";
			targets = (
				675D026C20E1D9F0004E0687 /* MySDKDemo */,
			);
		};
/* End PBXProject section */

/* Begin PBXResourcesBuildPhase section */
		675D026B20E1D9F0004E0687 /* Resources */ = {
			isa = PBXResourcesBuildPhase;
			buildActionMask = 2147483647;
			files = (
				675D027D20E1D9F2004E0687 /* LaunchScreen.storyboard in Resources */,
				675D027A20E1D9F2004E0687 /* Assets.xcassets in Resources */,
				675D027820E1D9F0004E0687 /* Main.storyboard in Resources */,
			);
			runOnlyForDeploymentPostprocessing = 0;
		};
/* End PBXResourcesBuildPhase section */

/* Begin PBXSourcesBuildPhase section */
		675D026920E1D9F0004E0687 /* Sources */ = {
			isa = PBXSourcesBuildPhase;
			buildActionMask = 2147483647;
			files = (
				675D027520E1D9F0004E0687 /* ViewController.m in Sources */,
				675D028020E1D9F2004E0687 /* main.m in Sources */,
				675D027220E1D9F0004E0687 /* AppDelegate.m in Sources */,
			);
			runOnlyForDeploymentPostprocessing = 0;
		};
/* End PBXSourcesBuildPhase section */

/* Begin PBXVariantGroup section */
		675D027620E1D9F0004E0687 /* Main.storyboard */ = {
			isa = PBXVariantGroup;
			children = (
				675D027720E1D9F0004E0687 /* Base */,
			);
			name = Main.storyboard;
			sourceTree = "<group>";
		};
		675D027B20E1D9F2004E0687 /* LaunchScreen.storyboard */ = {
			isa = PBXVariantGroup;
			children = (
				675D027C20E1D9F2004E0687 /* Base */,
			);
			name = LaunchScreen.storyboard;
			sourceTree = "<group>";
		};
/* End PBXVariantGroup section */

/* Begin XCBuildConfiguration section */
		675D028120E1D9F2004E0687 /* Debug */ = {
			isa = XCBuildConfiguration;
			buildSettings = {
				ALWAYS_SEARCH_USER_PATHS = NO;
				CLANG_ANALYZER_NONNULL = YES;
				CLANG_ANALYZER_NUMBER_OBJECT_CONVERSION = YES_AGGRESSIVE;
				CLANG_CXX_LANGUAGE_STANDARD = "gnu++14";
				CLANG_CXX_LIBRARY = "libc++";
				CLANG_ENABLE_MODULES = YES;
				CLANG_ENABLE_OBJC_ARC = YES;
				CLANG_ENABLE_OBJC_WEAK = YES;
				CLANG_WARN_BLOCK_CAPTURE_AUTORELEASING = YES;
				CLANG_WARN_BOOL_CONVERSION = YES;
				CLANG_WARN_COMMA = YES;
				CLANG_WARN_CONSTANT_CONVERSION = YES;
				CLANG_WARN_DEPRECATED_OBJC_IMPLEMENTATIONS = YES;
				CLANG_WARN_DIRECT_OBJC_ISA_USAGE = YES_ERROR;
				CLANG_WARN_DOCUMENTATION_COMMENTS = YES;
				CLANG_WARN_EMPTY_BODY = YES;
				CLANG_WARN_ENUM_CONVERSION = YES;
				CLANG_WARN_INFINITE_RECURSION = YES;
				CLANG_WARN_INT_CONVERSION = YES;
				CLANG_WARN_NON_LITERAL_NULL_CONVERSION = YES;
				CLANG_WARN_OBJC_IMPLICIT_RETAIN_SELF = YES;
				CLANG_WARN_OBJC_LITERAL_CONVERSION = YES;
				CLANG_WARN_OBJC_ROOT_CLASS = YES_ERROR;
				CLANG_WARN_RANGE_LOOP_ANALYSIS = YES;
				CLANG_WARN_STRICT_PROTOTYPES = YES;
				CLANG_WARN_SUSPICIOUS_MOVE = YES;
				CLANG_WARN_UNGUARDED_AVAILABILITY = YES_AGGRESSIVE;
				CLANG_WARN_UNREACHABLE_CODE = YES;
				CLANG_WARN__DUPLICATE_METHOD_MATCH = YES;
				CODE_SIGN_IDENTITY = "iPhone Developer";
				COPY_PHASE_STRIP = NO;
				DEBUG_INFORMATION_FORMAT = dwarf;
				ENABLE_STRICT_OBJC_MSGSEND = YES;
				ENABLE_TESTABILITY = YES;
				GCC_C_LANGUAGE_STANDARD = gnu11;
				GCC_DYNAMIC_NO_PIC = NO;
				GCC_NO_COMMON_BLOCKS = YES;
				GCC_OPTIMIZATION_LEVEL = 0;
				GCC_PREPROCESSOR_DEFINITIONS = (
					"DEBUG=1",
					"$(inherited)",
				);
				GCC_WARN_64_TO_32_BIT_CONVERSION = YES;
				GCC_WARN_ABOUT_RETURN_TYPE = YES_ERROR;
				GCC_WARN_UNDECLARED_SELECTOR = YES;
				GCC_WARN_UNINITIALIZED_AUTOS = YES_AGGRESSIVE;
				GCC_WARN_UNUSED_FUNCTION = YES;
				GCC_WARN_UNUSED_VARIABLE = YES;
				IPHONEOS_DEPLOYMENT_TARGET = 11.4;
				MTL_ENABLE_DEBUG_INFO = YES;
				ONLY_ACTIVE_ARCH = YES;
				SDKROOT = iphoneos;
			};
			name = Debug;
		};
		675D028220E1D9F2004E0687 /* Release */ = {
			isa = XCBuildConfiguration;
			buildSettings = {
				ALWAYS_SEARCH_USER_PATHS = NO;
				CLANG_ANALYZER_NONNULL = YES;
				CLANG_ANALYZER_NUMBER_OBJECT_CONVERSION = YES_AGGRESSIVE;
				CLANG_CXX_LANGUAGE_STANDARD = "gnu++14";
				CLANG_CXX_LIBRARY = "libc++";
				CLANG_ENABLE_MODULES = YES;
				CLANG_ENABLE_OBJC_ARC = YES;
				CLANG_ENABLE_OBJC_WEAK = YES;
				CLANG_WARN_BLOCK_CAPTURE_AUTORELEASING = YES;
				CLANG_WARN_BOOL_CONVERSION = YES;
				CLANG_WARN_COMMA = YES;
				CLANG_WARN_CONSTANT_CONVERSION = YES;
				CLANG_WARN_DEPRECATED_OBJC_IMPLEMENTATIONS = YES;
				CLANG_WARN_DIRECT_OBJC_ISA_USAGE = YES_ERROR;
				CLANG_WARN_DOCUMENTATION_COMMENTS = YES;
				CLANG_WARN_EMPTY_BODY = YES;
				CLANG_WARN_ENUM_CONVERSION = YES;
				CLANG_WARN_INFINITE_RECURSION = YES;
				CLANG_WARN_INT_CONVERSION = YES;
				CLANG_WARN_NON_LITERAL_NULL_CONVERSION = YES;
				CLANG_WARN_OBJC_IMPLICIT_RETAIN_SELF = YES;
				CLANG_WARN_OBJC_LITERAL_CONVERSION = YES;
				CLANG_WARN_OBJC_ROOT_CLASS = YES_ERROR;
				CLANG_WARN_RANGE_LOOP_ANALYSIS = YES;
				CLANG_WARN_STRICT_PROTOTYPES = YES;
				CLANG_WARN_SUSPICIOUS_MOVE = YES;
				CLANG_WARN_UNGUARDED_AVAILABILITY = YES_AGGRESSIVE;
				CLANG_WARN_UNREACHABLE_CODE = YES;
				CLANG_WARN__DUPLICATE_METHOD_MATCH = YES;
				CODE_SIGN_IDENTITY = "iPhone Developer";
				COPY_PHASE_STRIP = NO;
				DEBUG_INFORMATION_FORMAT = "dwarf-with-dsym";
				ENABLE_NS_ASSERTIONS = NO;
				ENABLE_STRICT_OBJC_MSGSEND = YES;
				GCC_C_LANGUAGE_STANDARD = gnu11;
				GCC_NO_COMMON_BLOCKS = YES;
				GCC_WARN_64_TO_32_BIT_CONVERSION = YES;
				GCC_WARN_ABOUT_RETURN_TYPE = YES_ERROR;
				GCC_WARN_UNDECLARED_SELECTOR = YES;
				GCC_WARN_UNINITIALIZED_AUTOS = YES_AGGRESSIVE;
				GCC_WARN_UNUSED_FUNCTION = YES;
				GCC_WARN_UNUSED_VARIABLE = YES;
				IPHONEOS_DEPLOYMENT_TARGET = 11.4;
				MTL_ENABLE_DEBUG_INFO = NO;
				SDKROOT = iphoneos;
				VALIDATE_PRODUCT = YES;
			};
			name = Release;
		};
		675D028420E1D9F2004E0687 /* Debug */ = {
			isa = XCBuildConfiguration;
			buildSettings = {
				ASSETCATALOG_COMPILER_APPICON_NAME = AppIcon;
				CODE_SIGN_STYLE = Automatic;
				INFOPLIST_FILE = MySDKDemo/Info.plist;
				LD_RUNPATH_SEARCH_PATHS = (
					"$(inherited)",
					"@executable_path/Frameworks",
				);
				PRODUCT_BUNDLE_IDENTIFIER = com.myTest.MySDKDemo;
				PRODUCT_NAME = "$(TARGET_NAME)";
				TARGETED_DEVICE_FAMILY = "1,2";
			};
			name = Debug;
		};
		675D028520E1D9F2004E0687 /* Release */ = {
			isa = XCBuildConfiguration;
			buildSettings = {
				ASSETCATALOG_COMPILER_APPICON_NAME = AppIcon;
				CODE_SIGN_STYLE = Automatic;
				INFOPLIST_FILE = MySDKDemo/Info.plist;
				LD_RUNPATH_SEARCH_PATHS = (
					"$(inherited)",
					"@executable_path/Frameworks",
				);
				PRODUCT_BUNDLE_IDENTIFIER = com.myTest.MySDKDemo;
				PRODUCT_NAME = "$(TARGET_NAME)";
				TARGETED_DEVICE_FAMILY = "1,2";
			};
			name = Release;
		};
/* End XCBuildConfiguration section */

/* Begin XCConfigurationList section */
		675D026820E1D9F0004E0687 /* Build configuration list for PBXProject "MySDKDemo" */ = {
			isa = XCConfigurationList;
			buildConfigurations = (
				675D028120E1D9F2004E0687 /* Debug */,
				675D028220E1D9F2004E0687 /* Release */,
			);
			defaultConfigurationIsVisible = 0;
			defaultConfigurationName = Release;
		};
		675D028320E1D9F2004E0687 /* Build configuration list for PBXNativeTarget "MySDKDemo" */ = {
			isa = XCConfigurationList;
			buildConfigurations = (
				675D028420E1D9F2004E0687 /* Debug */,
				675D028520E1D9F2004E0687 /* Release */,
			);
			defaultConfigurationIsVisible = 0;
			defaultConfigurationName = Release;
		};
/* End XCConfigurationList section */
	};
	rootObject = 675D026520E1D9F0004E0687 /* Project object */;
}
