// !$*UTF8*$!
{
	archiveVersion = 1;
	classes = {
	};
	objectVersion = 50;
	objects = {

/* Begin PBXBuildFile section */
		164B011D10E6AA4D99051164 /* libPods-MySDKDemoKit.a in Frameworks */ = {isa = PBXBuildFile; fileRef = ECD160EB9BF04CF311AE38DC /* libPods-MySDKDemoKit.a */; };
		675D027220E1D9F0004E0687 /* AppDelegate.m in Sources */ = {isa = PBXBuildFile; fileRef = 675D027120E1D9F0004E0687 /* AppDelegate.m */; };
		675D027520E1D9F0004E0687 /* ViewController.m in Sources */ = {isa = PBXBuildFile; fileRef = 675D027420E1D9F0004E0687 /* ViewController.m */; };
		675D027820E1D9F0004E0687 /* Main.storyboard in Resources */ = {isa = PBXBuildFile; fileRef = 675D027620E1D9F0004E0687 /* Main.storyboard */; };
		675D027A20E1D9F2004E0687 /* Assets.xcassets in Resources */ = {isa = PBXBuildFile; fileRef = 675D027920E1D9F2004E0687 /* Assets.xcassets */; };
		675D027D20E1D9F2004E0687 /* LaunchScreen.storyboard in Resources */ = {isa = PBXBuildFile; fileRef = 675D027B20E1D9F2004E0687 /* LaunchScreen.storyboard */; };
		675D028020E1D9F2004E0687 /* main.m in Sources */ = {isa = PBXBuildFile; fileRef = 675D027F20E1D9F2004E0687 /* main.m */; };
		675D028F20E1DA84004E0687 /* MySDKDemoKit.h in Headers */ = {isa = PBXBuildFile; fileRef = 675D028D20E1DA83004E0687 /* MySDKDemoKit.h */; settings = {ATTRIBUTES = (Public, ); }; };
		675D029220E1DA84004E0687 /* MySDKDemoKit.framework in Frameworks */ = {isa = PBXBuildFile; fileRef = 675D028B20E1DA83004E0687 /* MySDKDemoKit.framework */; };
		675D029320E1DA84004E0687 /* MySDKDemoKit.framework in Embed Frameworks */ = {isa = PBXBuildFile; fileRef = 675D028B20E1DA83004E0687 /* MySDKDemoKit.framework */; settings = {ATTRIBUTES = (CodeSignOnCopy, RemoveHeadersOnCopy, ); }; };
		675D029C20E1ED5D004E0687 /* MySDK.h in Headers */ = {isa = PBXBuildFile; fileRef = 675D029A20E1ED5D004E0687 /* MySDK.h */; settings = {ATTRIBUTES = (Public, ); }; };
		675D029D20E1ED5D004E0687 /* MySDK.m in Sources */ = {isa = PBXBuildFile; fileRef = 675D029B20E1ED5D004E0687 /* MySDK.m */; };
		675D02A620E1F919004E0687 /* LoginView.xib in Resources */ = {isa = PBXBuildFile; fileRef = 675D02A520E1F919004E0687 /* LoginView.xib */; };
		675D02A920E1F957004E0687 /* LoginView.h in Headers */ = {isa = PBXBuildFile; fileRef = 675D02A720E1F957004E0687 /* LoginView.h */; };
		675D02AA20E1F957004E0687 /* LoginView.m in Sources */ = {isa = PBXBuildFile; fileRef = 675D02A820E1F957004E0687 /* LoginView.m */; };
		675D02B020E237A0004E0687 /* LogoView.xib in Resources */ = {isa = PBXBuildFile; fileRef = 675D02AF20E237A0004E0687 /* LogoView.xib */; };
		675D02BC20E23B3D004E0687 /* LogoView.h in Headers */ = {isa = PBXBuildFile; fileRef = 675D02BA20E23B3D004E0687 /* LogoView.h */; };
		675D02BD20E23B3D004E0687 /* LogoView.m in Sources */ = {isa = PBXBuildFile; fileRef = 675D02BB20E23B3D004E0687 /* LogoView.m */; };
		675D02C320E242BC004E0687 /* MySDKDemo.bundle in Resources */ = {isa = PBXBuildFile; fileRef = 675D02C220E242BC004E0687 /* MySDKDemo.bundle */; };
		678BC77920EB852600AAF280 /* testBundle.bundle in Resources */ = {isa = PBXBuildFile; fileRef = 678BC77820EB852600AAF280 /* testBundle.bundle */; };
		67AC71B620ECA093001A8E2C /* MySDKNetWorking.h in Headers */ = {isa = PBXBuildFile; fileRef = 67AC71B420ECA093001A8E2C /* MySDKNetWorking.h */; };
		67AC71B720ECA093001A8E2C /* MySDKNetWorking.m in Sources */ = {isa = PBXBuildFile; fileRef = 67AC71B520ECA093001A8E2C /* MySDKNetWorking.m */; };
		67C765C120EDD43500B89357 /* MySDKConfig.h in Headers */ = {isa = PBXBuildFile; fileRef = 67C765BF20EDD43500B89357 /* MySDKConfig.h */; };
		67C765C220EDD43500B89357 /* MySDKConfig.m in Sources */ = {isa = PBXBuildFile; fileRef = 67C765C020EDD43500B89357 /* MySDKConfig.m */; };
		67C765C520EDFCCD00B89357 /* NSString+UniqueStrings.m in Sources */ = {isa = PBXBuildFile; fileRef = 67C765C320EDFCCD00B89357 /* NSString+UniqueStrings.m */; };
		67C765C620EDFCCD00B89357 /* NSString+UniqueStrings.h in Headers */ = {isa = PBXBuildFile; fileRef = 67C765C420EDFCCD00B89357 /* NSString+UniqueStrings.h */; };
		67CF948E20EE3CB800F10570 /* NSString+Sign.h in Headers */ = {isa = PBXBuildFile; fileRef = 67CF948C20EE3CB800F10570 /* NSString+Sign.h */; };
		67CF948F20EE3CB800F10570 /* NSString+Sign.m in Sources */ = {isa = PBXBuildFile; fileRef = 67CF948D20EE3CB800F10570 /* NSString+Sign.m */; };
		D01FE31A376A83339810C40E /* libPods-MySDKDemo.a in Frameworks */ = {isa = PBXBuildFile; fileRef = 9DA844A96FFABFF74EE5A191 /* libPods-MySDKDemo.a */; };
/* End PBXBuildFile section */

/* Begin PBXContainerItemProxy section */
		675D029020E1DA84004E0687 /* PBXContainerItemProxy */ = {
			isa = PBXContainerItemProxy;
			containerPortal = 675D026520E1D9F0004E0687 /* Project object */;
			proxyType = 1;
			remoteGlobalIDString = 675D028A20E1DA83004E0687;
			remoteInfo = MySDKDemoKit;
		};
/* End PBXContainerItemProxy section */

/* Begin PBXCopyFilesBuildPhase section */
		675D029720E1DA84004E0687 /* Embed Frameworks */ = {
			isa = PBXCopyFilesBuildPhase;
			buildActionMask = 2147483647;
			dstPath = "";
			dstSubfolderSpec = 10;
			files = (
				675D029320E1DA84004E0687 /* MySDKDemoKit.framework in Embed Frameworks */,
			);
			name = "Embed Frameworks";
			runOnlyForDeploymentPostprocessing = 0;
		};
/* End PBXCopyFilesBuildPhase section */

/* Begin PBXFileReference section */
		0209C0D1716563EE50C31427 /* Pods-MySDKDemo.debug.xcconfig */ = {isa = PBXFileReference; includeInIndex = 1; lastKnownFileType = text.xcconfig; name = "Pods-MySDKDemo.debug.xcconfig"; path = "Pods/Target Support Files/Pods-MySDKDemo/Pods-MySDKDemo.debug.xcconfig"; sourceTree = "<group>"; };
		1CB74C22691A7C8CDB33C95D /* Pods-MySDKDemo.release.xcconfig */ = {isa = PBXFileReference; includeInIndex = 1; lastKnownFileType = text.xcconfig; name = "Pods-MySDKDemo.release.xcconfig"; path = "Pods/Target Support Files/Pods-MySDKDemo/Pods-MySDKDemo.release.xcconfig"; sourceTree = "<group>"; };
		4E2911D1EF250000D9183269 /* Pods-MySDKDemoKit.release.xcconfig */ = {isa = PBXFileReference; includeInIndex = 1; lastKnownFileType = text.xcconfig; name = "Pods-MySDKDemoKit.release.xcconfig"; path = "Pods/Target Support Files/Pods-MySDKDemoKit/Pods-MySDKDemoKit.release.xcconfig"; sourceTree = "<group>"; };
		675D026D20E1D9F0004E0687 /* MySDKDemo.app */ = {isa = PBXFileReference; explicitFileType = wrapper.application; includeInIndex = 0; path = MySDKDemo.app; sourceTree = BUILT_PRODUCTS_DIR; };
		675D027020E1D9F0004E0687 /* AppDelegate.h */ = {isa = PBXFileReference; lastKnownFileType = sourcecode.c.h; path = AppDelegate.h; sourceTree = "<group>"; };
		675D027120E1D9F0004E0687 /* AppDelegate.m */ = {isa = PBXFileReference; lastKnownFileType = sourcecode.c.objc; path = AppDelegate.m; sourceTree = "<group>"; };
		675D027320E1D9F0004E0687 /* ViewController.h */ = {isa = PBXFileReference; lastKnownFileType = sourcecode.c.h; path = ViewController.h; sourceTree = "<group>"; };
		675D027420E1D9F0004E0687 /* ViewController.m */ = {isa = PBXFileReference; lastKnownFileType = sourcecode.c.objc; path = ViewController.m; sourceTree = "<group>"; };
		675D027720E1D9F0004E0687 /* Base */ = {isa = PBXFileReference; lastKnownFileType = file.storyboard; name = Base; path = Base.lproj/Main.storyboard; sourceTree = "<group>"; };
		675D027920E1D9F2004E0687 /* Assets.xcassets */ = {isa = PBXFileReference; lastKnownFileType = folder.assetcatalog; path = Assets.xcassets; sourceTree = "<group>"; };
		675D027C20E1D9F2004E0687 /* Base */ = {isa = PBXFileReference; lastKnownFileType = file.storyboard; name = Base; path = Base.lproj/LaunchScreen.storyboard; sourceTree = "<group>"; };
		675D027E20E1D9F2004E0687 /* Info.plist */ = {isa = PBXFileReference; lastKnownFileType = text.plist.xml; path = Info.plist; sourceTree = "<group>"; };
		675D027F20E1D9F2004E0687 /* main.m */ = {isa = PBXFileReference; lastKnownFileType = sourcecode.c.objc; path = main.m; sourceTree = "<group>"; };
		675D028B20E1DA83004E0687 /* MySDKDemoKit.framework */ = {isa = PBXFileReference; explicitFileType = wrapper.framework; includeInIndex = 0; path = MySDKDemoKit.framework; sourceTree = BUILT_PRODUCTS_DIR; };
		675D028D20E1DA83004E0687 /* MySDKDemoKit.h */ = {isa = PBXFileReference; lastKnownFileType = sourcecode.c.h; path = MySDKDemoKit.h; sourceTree = "<group>"; };
		675D028E20E1DA84004E0687 /* Info.plist */ = {isa = PBXFileReference; lastKnownFileType = text.plist.xml; path = Info.plist; sourceTree = "<group>"; };
		675D029A20E1ED5D004E0687 /* MySDK.h */ = {isa = PBXFileReference; lastKnownFileType = sourcecode.c.h; path = MySDK.h; sourceTree = "<group>"; };
		675D029B20E1ED5D004E0687 /* MySDK.m */ = {isa = PBXFileReference; lastKnownFileType = sourcecode.c.objc; path = MySDK.m; sourceTree = "<group>"; };
		675D02A520E1F919004E0687 /* LoginView.xib */ = {isa = PBXFileReference; lastKnownFileType = file.xib; path = LoginView.xib; sourceTree = "<group>"; };
		675D02A720E1F957004E0687 /* LoginView.h */ = {isa = PBXFileReference; lastKnownFileType = sourcecode.c.h; path = LoginView.h; sourceTree = "<group>"; };
		675D02A820E1F957004E0687 /* LoginView.m */ = {isa = PBXFileReference; lastKnownFileType = sourcecode.c.objc; path = LoginView.m; sourceTree = "<group>"; };
		675D02AF20E237A0004E0687 /* LogoView.xib */ = {isa = PBXFileReference; lastKnownFileType = file.xib; path = LogoView.xib; sourceTree = "<group>"; };
		675D02BA20E23B3D004E0687 /* LogoView.h */ = {isa = PBXFileReference; lastKnownFileType = sourcecode.c.h; path = LogoView.h; sourceTree = "<group>"; };
		675D02BB20E23B3D004E0687 /* LogoView.m */ = {isa = PBXFileReference; lastKnownFileType = sourcecode.c.objc; path = LogoView.m; sourceTree = "<group>"; };
		675D02C220E242BC004E0687 /* MySDKDemo.bundle */ = {isa = PBXFileReference; lastKnownFileType = "wrapper.plug-in"; path = MySDKDemo.bundle; sourceTree = "<group>"; };
		678BC77420EB84F700AAF280 /* Info.plist */ = {isa = PBXFileReference; lastKnownFileType = text.plist.xml; path = Info.plist; sourceTree = "<group>"; };
		678BC77820EB852600AAF280 /* testBundle.bundle */ = {isa = PBXFileReference; lastKnownFileType = "wrapper.plug-in"; path = testBundle.bundle; sourceTree = "<group>"; };
		67AC71B420ECA093001A8E2C /* MySDKNetWorking.h */ = {isa = PBXFileReference; lastKnownFileType = sourcecode.c.h; path = MySDKNetWorking.h; sourceTree = "<group>"; };
		67AC71B520ECA093001A8E2C /* MySDKNetWorking.m */ = {isa = PBXFileReference; lastKnownFileType = sourcecode.c.objc; path = MySDKNetWorking.m; sourceTree = "<group>"; };
		67C765BF20EDD43500B89357 /* MySDKConfig.h */ = {isa = PBXFileReference; lastKnownFileType = sourcecode.c.h; path = MySDKConfig.h; sourceTree = "<group>"; };
		67C765C020EDD43500B89357 /* MySDKConfig.m */ = {isa = PBXFileReference; lastKnownFileType = sourcecode.c.objc; path = MySDKConfig.m; sourceTree = "<group>"; };
		67C765C320EDFCCD00B89357 /* NSString+UniqueStrings.m */ = {isa = PBXFileReference; fileEncoding = 4; lastKnownFileType = sourcecode.c.objc; path = "NSString+UniqueStrings.m"; sourceTree = "<group>"; };
		67C765C420EDFCCD00B89357 /* NSString+UniqueStrings.h */ = {isa = PBXFileReference; fileEncoding = 4; lastKnownFileType = sourcecode.c.h; path = "NSString+UniqueStrings.h"; sourceTree = "<group>"; };
		67CF948C20EE3CB800F10570 /* NSString+Sign.h */ = {isa = PBXFileReference; fileEncoding = 4; lastKnownFileType = sourcecode.c.h; path = "NSString+Sign.h"; sourceTree = "<group>"; };
		67CF948D20EE3CB800F10570 /* NSString+Sign.m */ = {isa = PBXFileReference; fileEncoding = 4; lastKnownFileType = sourcecode.c.objc; path = "NSString+Sign.m"; sourceTree = "<group>"; };
		9DA844A96FFABFF74EE5A191 /* libPods-MySDKDemo.a */ = {isa = PBXFileReference; explicitFileType = archive.ar; includeInIndex = 0; path = "libPods-MySDKDemo.a"; sourceTree = BUILT_PRODUCTS_DIR; };
		EC22468AD4E648C2FB747C47 /* Pods-MySDKDemoKit.debug.xcconfig */ = {isa = PBXFileReference; includeInIndex = 1; lastKnownFileType = text.xcconfig; name = "Pods-MySDKDemoKit.debug.xcconfig"; path = "Pods/Target Support Files/Pods-MySDKDemoKit/Pods-MySDKDemoKit.debug.xcconfig"; sourceTree = "<group>"; };
		ECD160EB9BF04CF311AE38DC /* libPods-MySDKDemoKit.a */ = {isa = PBXFileReference; explicitFileType = archive.ar; includeInIndex = 0; path = "libPods-MySDKDemoKit.a"; sourceTree = BUILT_PRODUCTS_DIR; };
/* End PBXFileReference section */

/* Begin PBXFrameworksBuildPhase section */
		675D026A20E1D9F0004E0687 /* Frameworks */ = {
			isa = PBXFrameworksBuildPhase;
			buildActionMask = 2147483647;
			files = (
				675D029220E1DA84004E0687 /* MySDKDemoKit.framework in Frameworks */,
				D01FE31A376A83339810C40E /* libPods-MySDKDemo.a in Frameworks */,
			);
			runOnlyForDeploymentPostprocessing = 0;
		};
		675D028720E1DA83004E0687 /* Frameworks */ = {
			isa = PBXFrameworksBuildPhase;
			buildActionMask = 2147483647;
			files = (
				164B011D10E6AA4D99051164 /* libPods-MySDKDemoKit.a in Frameworks */,
			);
			runOnlyForDeploymentPostprocessing = 0;
		};
/* End PBXFrameworksBuildPhase section */

/* Begin PBXGroup section */
		675D026420E1D9F0004E0687 = {
			isa = PBXGroup;
			children = (
				675D028C20E1DA83004E0687 /* MySDKDemoKit */,
				675D026F20E1D9F0004E0687 /* MySDKDemo */,
				678BC77320EB84F700AAF280 /* test */,
				675D026E20E1D9F0004E0687 /* Products */,
				AF3D7FF7CB9E7D91F9267328 /* Pods */,
				7BD2BB60E6B0C4D5661BE067 /* Frameworks */,
			);
			sourceTree = "<group>";
		};
		675D026E20E1D9F0004E0687 /* Products */ = {
			isa = PBXGroup;
			children = (
				675D026D20E1D9F0004E0687 /* MySDKDemo.app */,
				675D028B20E1DA83004E0687 /* MySDKDemoKit.framework */,
			);
			name = Products;
			sourceTree = "<group>";
		};
		675D026F20E1D9F0004E0687 /* MySDKDemo */ = {
			isa = PBXGroup;
			children = (
				675D027020E1D9F0004E0687 /* AppDelegate.h */,
				678BC77820EB852600AAF280 /* testBundle.bundle */,
				675D027120E1D9F0004E0687 /* AppDelegate.m */,
				675D027320E1D9F0004E0687 /* ViewController.h */,
				675D027420E1D9F0004E0687 /* ViewController.m */,
				675D027620E1D9F0004E0687 /* Main.storyboard */,
				675D027920E1D9F2004E0687 /* Assets.xcassets */,
				675D027B20E1D9F2004E0687 /* LaunchScreen.storyboard */,
				675D027E20E1D9F2004E0687 /* Info.plist */,
				675D027F20E1D9F2004E0687 /* main.m */,
			);
			path = MySDKDemo;
			sourceTree = "<group>";
		};
		675D028C20E1DA83004E0687 /* MySDKDemoKit */ = {
			isa = PBXGroup;
			children = (
				675D029E20E1F22A004E0687 /* Categories */,
				675D028D20E1DA83004E0687 /* MySDKDemoKit.h */,
				675D029A20E1ED5D004E0687 /* MySDK.h */,
				675D029B20E1ED5D004E0687 /* MySDK.m */,
				675D028E20E1DA84004E0687 /* Info.plist */,
				675D02C220E242BC004E0687 /* MySDKDemo.bundle */,
			);
			path = MySDKDemoKit;
			sourceTree = "<group>";
		};
		675D029E20E1F22A004E0687 /* Categories */ = {
			isa = PBXGroup;
			children = (
				675D02AB20E23738004E0687 /* Common */,
				675D029F20E1F246004E0687 /* Init */,
				675D02A120E1F26F004E0687 /* Login */,
			);
			path = Categories;
			sourceTree = "<group>";
		};
		675D029F20E1F246004E0687 /* Init */ = {
			isa = PBXGroup;
			children = (
				67C765BE20EDD41C00B89357 /* Model */,
			);
			path = Init;
			sourceTree = "<group>";
		};
		675D02A120E1F26F004E0687 /* Login */ = {
			isa = PBXGroup;
			children = (
				675D02A420E1F29B004E0687 /* Model */,
				675D02A320E1F298004E0687 /* View */,
				675D02A220E1F292004E0687 /* Controller */,
			);
			path = Login;
			sourceTree = "<group>";
		};
		675D02A220E1F292004E0687 /* Controller */ = {
			isa = PBXGroup;
			children = (
			);
			path = Controller;
			sourceTree = "<group>";
		};
		675D02A320E1F298004E0687 /* View */ = {
			isa = PBXGroup;
			children = (
				675D02A520E1F919004E0687 /* LoginView.xib */,
				675D02A720E1F957004E0687 /* LoginView.h */,
				675D02A820E1F957004E0687 /* LoginView.m */,
			);
			path = View;
			sourceTree = "<group>";
		};
		675D02A420E1F29B004E0687 /* Model */ = {
			isa = PBXGroup;
			children = (
			);
			path = Model;
			sourceTree = "<group>";
		};
		675D02AB20E23738004E0687 /* Common */ = {
			isa = PBXGroup;
			children = (
				67CF948C20EE3CB800F10570 /* NSString+Sign.h */,
				67CF948D20EE3CB800F10570 /* NSString+Sign.m */,
				67C765C420EDFCCD00B89357 /* NSString+UniqueStrings.h */,
				67C765C320EDFCCD00B89357 /* NSString+UniqueStrings.m */,
				675D02B120E237C7004E0687 /* Logo */,
				67AC71B420ECA093001A8E2C /* MySDKNetWorking.h */,
				67AC71B520ECA093001A8E2C /* MySDKNetWorking.m */,
			);
			path = Common;
			sourceTree = "<group>";
		};
		675D02AD20E23759004E0687 /* View */ = {
			isa = PBXGroup;
			children = (
				675D02AF20E237A0004E0687 /* LogoView.xib */,
				675D02BA20E23B3D004E0687 /* LogoView.h */,
				675D02BB20E23B3D004E0687 /* LogoView.m */,
			);
			path = View;
			sourceTree = "<group>";
		};
		675D02AE20E2375C004E0687 /* Model */ = {
			isa = PBXGroup;
			children = (
			);
			path = Model;
			sourceTree = "<group>";
		};
		675D02B120E237C7004E0687 /* Logo */ = {
			isa = PBXGroup;
			children = (
				675D02AE20E2375C004E0687 /* Model */,
				675D02AD20E23759004E0687 /* View */,
			);
			path = Logo;
			sourceTree = "<group>";
		};
		678BC77320EB84F700AAF280 /* test */ = {
			isa = PBXGroup;
			children = (
				678BC77420EB84F700AAF280 /* Info.plist */,
			);
			path = test;
			sourceTree = "<group>";
		};
		67C765BE20EDD41C00B89357 /* Model */ = {
			isa = PBXGroup;
			children = (
				67C765BF20EDD43500B89357 /* MySDKConfig.h */,
				67C765C020EDD43500B89357 /* MySDKConfig.m */,
			);
			path = Model;
			sourceTree = "<group>";
		};
		7BD2BB60E6B0C4D5661BE067 /* Frameworks */ = {
			isa = PBXGroup;
			children = (
				9DA844A96FFABFF74EE5A191 /* libPods-MySDKDemo.a */,
				ECD160EB9BF04CF311AE38DC /* libPods-MySDKDemoKit.a */,
			);
			name = Frameworks;
			sourceTree = "<group>";
		};
		AF3D7FF7CB9E7D91F9267328 /* Pods */ = {
			isa = PBXGroup;
			children = (
				0209C0D1716563EE50C31427 /* Pods-MySDKDemo.debug.xcconfig */,
				1CB74C22691A7C8CDB33C95D /* Pods-MySDKDemo.release.xcconfig */,
				EC22468AD4E648C2FB747C47 /* Pods-MySDKDemoKit.debug.xcconfig */,
				4E2911D1EF250000D9183269 /* Pods-MySDKDemoKit.release.xcconfig */,
			);
			name = Pods;
			sourceTree = "<group>";
		};
/* End PBXGroup section */

/* Begin PBXHeadersBuildPhase section */
		675D028820E1DA83004E0687 /* Headers */ = {
			isa = PBXHeadersBuildPhase;
			buildActionMask = 2147483647;
			files = (
				67AC71B620ECA093001A8E2C /* MySDKNetWorking.h in Headers */,
				67CF948E20EE3CB800F10570 /* NSString+Sign.h in Headers */,
				67C765C120EDD43500B89357 /* MySDKConfig.h in Headers */,
				675D02BC20E23B3D004E0687 /* LogoView.h in Headers */,
				675D02A920E1F957004E0687 /* LoginView.h in Headers */,
				67C765C620EDFCCD00B89357 /* NSString+UniqueStrings.h in Headers */,
				675D028F20E1DA84004E0687 /* MySDKDemoKit.h in Headers */,
				675D029C20E1ED5D004E0687 /* MySDK.h in Headers */,
			);
			runOnlyForDeploymentPostprocessing = 0;
		};
/* End PBXHeadersBuildPhase section */

/* Begin PBXNativeTarget section */
		675D026C20E1D9F0004E0687 /* MySDKDemo */ = {
			isa = PBXNativeTarget;
			buildConfigurationList = 675D028320E1D9F2004E0687 /* Build configuration list for PBXNativeTarget "MySDKDemo" */;
			buildPhases = (
				0B47C827115D8C8834CDAE07 /* [CP] Check Pods Manifest.lock */,
				675D026920E1D9F0004E0687 /* Sources */,
				675D026A20E1D9F0004E0687 /* Frameworks */,
				675D026B20E1D9F0004E0687 /* Resources */,
				675D029720E1DA84004E0687 /* Embed Frameworks */,
			);
			buildRules = (
			);
			dependencies = (
				675D029120E1DA84004E0687 /* PBXTargetDependency */,
			);
			name = MySDKDemo;
			productName = MySDKDemo;
			productReference = 675D026D20E1D9F0004E0687 /* MySDKDemo.app */;
			productType = "com.apple.product-type.application";
		};
		675D028A20E1DA83004E0687 /* MySDKDemoKit */ = {
			isa = PBXNativeTarget;
			buildConfigurationList = 675D029420E1DA84004E0687 /* Build configuration list for PBXNativeTarget "MySDKDemoKit" */;
			buildPhases = (
				AAFD7EAD497D366F375BAB8A /* [CP] Check Pods Manifest.lock */,
				675D028620E1DA83004E0687 /* Sources */,
				675D028720E1DA83004E0687 /* Frameworks */,
				675D028820E1DA83004E0687 /* Headers */,
				675D028920E1DA83004E0687 /* Resources */,
			);
			buildRules = (
			);
			dependencies = (
			);
			name = MySDKDemoKit;
			productName = MySDKDemoKit;
			productReference = 675D028B20E1DA83004E0687 /* MySDKDemoKit.framework */;
			productType = "com.apple.product-type.framework";
		};
/* End PBXNativeTarget section */

/* Begin PBXProject section */
		675D026520E1D9F0004E0687 /* Project object */ = {
			isa = PBXProject;
			attributes = {
				LastUpgradeCheck = 0940;
				ORGANIZATIONNAME = "李一贤";
				TargetAttributes = {
					675D026C20E1D9F0004E0687 = {
						CreatedOnToolsVersion = 9.4;
					};
					675D028A20E1DA83004E0687 = {
						CreatedOnToolsVersion = 9.4;
					};
				};
			};
			buildConfigurationList = 675D026820E1D9F0004E0687 /* Build configuration list for PBXProject "MySDKDemo" */;
			compatibilityVersion = "Xcode 9.3";
			developmentRegion = en;
			hasScannedForEncodings = 0;
			knownRegions = (
				en,
				Base,
			);
			mainGroup = 675D026420E1D9F0004E0687;
			productRefGroup = 675D026E20E1D9F0004E0687 /* Products */;
			projectDirPath = "";
			projectRoot = "";
			targets = (
				675D026C20E1D9F0004E0687 /* MySDKDemo */,
				675D028A20E1DA83004E0687 /* MySDKDemoKit */,
			);
		};
/* End PBXProject section */

/* Begin PBXResourcesBuildPhase section */
		675D026B20E1D9F0004E0687 /* Resources */ = {
			isa = PBXResourcesBuildPhase;
			buildActionMask = 2147483647;
			files = (
				678BC77920EB852600AAF280 /* testBundle.bundle in Resources */,
				675D027D20E1D9F2004E0687 /* LaunchScreen.storyboard in Resources */,
				675D027A20E1D9F2004E0687 /* Assets.xcassets in Resources */,
				675D027820E1D9F0004E0687 /* Main.storyboard in Resources */,
			);
			runOnlyForDeploymentPostprocessing = 0;
		};
		675D028920E1DA83004E0687 /* Resources */ = {
			isa = PBXResourcesBuildPhase;
			buildActionMask = 2147483647;
			files = (
				675D02A620E1F919004E0687 /* LoginView.xib in Resources */,
				675D02C320E242BC004E0687 /* MySDKDemo.bundle in Resources */,
				675D02B020E237A0004E0687 /* LogoView.xib in Resources */,
			);
			runOnlyForDeploymentPostprocessing = 0;
		};
/* End PBXResourcesBuildPhase section */

/* Begin PBXShellScriptBuildPhase section */
		0B47C827115D8C8834CDAE07 /* [CP] Check Pods Manifest.lock */ = {
			isa = PBXShellScriptBuildPhase;
			buildActionMask = 2147483647;
			files = (
			);
			inputPaths = (
				"${PODS_PODFILE_DIR_PATH}/Podfile.lock",
				"${PODS_ROOT}/Manifest.lock",
			);
			name = "[CP] Check Pods Manifest.lock";
			outputPaths = (
				"$(DERIVED_FILE_DIR)/Pods-MySDKDemo-checkManifestLockResult.txt",
			);
			runOnlyForDeploymentPostprocessing = 0;
			shellPath = /bin/sh;
			shellScript = "diff \"${PODS_PODFILE_DIR_PATH}/Podfile.lock\" \"${PODS_ROOT}/Manifest.lock\" > /dev/null\nif [ $? != 0 ] ; then\n    # print error to STDERR\n    echo \"error: The sandbox is not in sync with the Podfile.lock. Run 'pod install' or update your CocoaPods installation.\" >&2\n    exit 1\nfi\n# This output is used by Xcode 'outputs' to avoid re-running this script phase.\necho \"SUCCESS\" > \"${SCRIPT_OUTPUT_FILE_0}\"\n";
			showEnvVarsInLog = 0;
		};
		AAFD7EAD497D366F375BAB8A /* [CP] Check Pods Manifest.lock */ = {
			isa = PBXShellScriptBuildPhase;
			buildActionMask = 2147483647;
			files = (
			);
			inputPaths = (
				"${PODS_PODFILE_DIR_PATH}/Podfile.lock",
				"${PODS_ROOT}/Manifest.lock",
			);
			name = "[CP] Check Pods Manifest.lock";
			outputPaths = (
				"$(DERIVED_FILE_DIR)/Pods-MySDKDemoKit-checkManifestLockResult.txt",
			);
			runOnlyForDeploymentPostprocessing = 0;
			shellPath = /bin/sh;
			shellScript = "diff \"${PODS_PODFILE_DIR_PATH}/Podfile.lock\" \"${PODS_ROOT}/Manifest.lock\" > /dev/null\nif [ $? != 0 ] ; then\n    # print error to STDERR\n    echo \"error: The sandbox is not in sync with the Podfile.lock. Run 'pod install' or update your CocoaPods installation.\" >&2\n    exit 1\nfi\n# This output is used by Xcode 'outputs' to avoid re-running this script phase.\necho \"SUCCESS\" > \"${SCRIPT_OUTPUT_FILE_0}\"\n";
			showEnvVarsInLog = 0;
		};
/* End PBXShellScriptBuildPhase section */

/* Begin PBXSourcesBuildPhase section */
		675D026920E1D9F0004E0687 /* Sources */ = {
			isa = PBXSourcesBuildPhase;
			buildActionMask = 2147483647;
			files = (
				675D027520E1D9F0004E0687 /* ViewController.m in Sources */,
				675D028020E1D9F2004E0687 /* main.m in Sources */,
				675D027220E1D9F0004E0687 /* AppDelegate.m in Sources */,
			);
			runOnlyForDeploymentPostprocessing = 0;
		};
		675D028620E1DA83004E0687 /* Sources */ = {
			isa = PBXSourcesBuildPhase;
			buildActionMask = 2147483647;
			files = (
				675D02BD20E23B3D004E0687 /* LogoView.m in Sources */,
				67AC71B720ECA093001A8E2C /* MySDKNetWorking.m in Sources */,
				67CF948F20EE3CB800F10570 /* NSString+Sign.m in Sources */,
				675D02AA20E1F957004E0687 /* LoginView.m in Sources */,
				67C765C520EDFCCD00B89357 /* NSString+UniqueStrings.m in Sources */,
				67C765C220EDD43500B89357 /* MySDKConfig.m in Sources */,
				675D029D20E1ED5D004E0687 /* MySDK.m in Sources */,
			);
			runOnlyForDeploymentPostprocessing = 0;
		};
/* End PBXSourcesBuildPhase section */

/* Begin PBXTargetDependency section */
		675D029120E1DA84004E0687 /* PBXTargetDependency */ = {
			isa = PBXTargetDependency;
			target = 675D028A20E1DA83004E0687 /* MySDKDemoKit */;
			targetProxy = 675D029020E1DA84004E0687 /* PBXContainerItemProxy */;
		};
/* End PBXTargetDependency section */

/* Begin PBXVariantGroup section */
		675D027620E1D9F0004E0687 /* Main.storyboard */ = {
			isa = PBXVariantGroup;
			children = (
				675D027720E1D9F0004E0687 /* Base */,
			);
			name = Main.storyboard;
			sourceTree = "<group>";
		};
		675D027B20E1D9F2004E0687 /* LaunchScreen.storyboard */ = {
			isa = PBXVariantGroup;
			children = (
				675D027C20E1D9F2004E0687 /* Base */,
			);
			name = LaunchScreen.storyboard;
			sourceTree = "<group>";
		};
/* End PBXVariantGroup section */

/* Begin XCBuildConfiguration section */
		675D028120E1D9F2004E0687 /* Debug */ = {
			isa = XCBuildConfiguration;
			buildSettings = {
				ALWAYS_SEARCH_USER_PATHS = NO;
				CLANG_ANALYZER_NONNULL = YES;
				CLANG_ANALYZER_NUMBER_OBJECT_CONVERSION = YES_AGGRESSIVE;
				CLANG_CXX_LANGUAGE_STANDARD = "gnu++14";
				CLANG_CXX_LIBRARY = "libc++";
				CLANG_ENABLE_MODULES = YES;
				CLANG_ENABLE_OBJC_ARC = YES;
				CLANG_ENABLE_OBJC_WEAK = YES;
				CLANG_WARN_BLOCK_CAPTURE_AUTORELEASING = YES;
				CLANG_WARN_BOOL_CONVERSION = YES;
				CLANG_WARN_COMMA = YES;
				CLANG_WARN_CONSTANT_CONVERSION = YES;
				CLANG_WARN_DEPRECATED_OBJC_IMPLEMENTATIONS = YES;
				CLANG_WARN_DIRECT_OBJC_ISA_USAGE = YES_ERROR;
				CLANG_WARN_DOCUMENTATION_COMMENTS = YES;
				CLANG_WARN_EMPTY_BODY = YES;
				CLANG_WARN_ENUM_CONVERSION = YES;
				CLANG_WARN_INFINITE_RECURSION = YES;
				CLANG_WARN_INT_CONVERSION = YES;
				CLANG_WARN_NON_LITERAL_NULL_CONVERSION = YES;
				CLANG_WARN_OBJC_IMPLICIT_RETAIN_SELF = YES;
				CLANG_WARN_OBJC_LITERAL_CONVERSION = YES;
				CLANG_WARN_OBJC_ROOT_CLASS = YES_ERROR;
				CLANG_WARN_RANGE_LOOP_ANALYSIS = YES;
				CLANG_WARN_STRICT_PROTOTYPES = YES;
				CLANG_WARN_SUSPICIOUS_MOVE = YES;
				CLANG_WARN_UNGUARDED_AVAILABILITY = YES_AGGRESSIVE;
				CLANG_WARN_UNREACHABLE_CODE = YES;
				CLANG_WARN__DUPLICATE_METHOD_MATCH = YES;
				CODE_SIGN_IDENTITY = "iPhone Developer";
				COPY_PHASE_STRIP = NO;
				DEBUG_INFORMATION_FORMAT = dwarf;
				ENABLE_STRICT_OBJC_MSGSEND = YES;
				ENABLE_TESTABILITY = YES;
				GCC_C_LANGUAGE_STANDARD = gnu11;
				GCC_DYNAMIC_NO_PIC = NO;
				GCC_NO_COMMON_BLOCKS = YES;
				GCC_OPTIMIZATION_LEVEL = 0;
				GCC_PREPROCESSOR_DEFINITIONS = (
					"DEBUG=1",
					"$(inherited)",
				);
				GCC_WARN_64_TO_32_BIT_CONVERSION = YES;
				GCC_WARN_ABOUT_RETURN_TYPE = YES_ERROR;
				GCC_WARN_UNDECLARED_SELECTOR = YES;
				GCC_WARN_UNINITIALIZED_AUTOS = YES_AGGRESSIVE;
				GCC_WARN_UNUSED_FUNCTION = YES;
				GCC_WARN_UNUSED_VARIABLE = YES;
				IPHONEOS_DEPLOYMENT_TARGET = 11.4;
				MTL_ENABLE_DEBUG_INFO = YES;
				ONLY_ACTIVE_ARCH = YES;
				SDKROOT = iphoneos;
			};
			name = Debug;
		};
		675D028220E1D9F2004E0687 /* Release */ = {
			isa = XCBuildConfiguration;
			buildSettings = {
				ALWAYS_SEARCH_USER_PATHS = NO;
				CLANG_ANALYZER_NONNULL = YES;
				CLANG_ANALYZER_NUMBER_OBJECT_CONVERSION = YES_AGGRESSIVE;
				CLANG_CXX_LANGUAGE_STANDARD = "gnu++14";
				CLANG_CXX_LIBRARY = "libc++";
				CLANG_ENABLE_MODULES = YES;
				CLANG_ENABLE_OBJC_ARC = YES;
				CLANG_ENABLE_OBJC_WEAK = YES;
				CLANG_WARN_BLOCK_CAPTURE_AUTORELEASING = YES;
				CLANG_WARN_BOOL_CONVERSION = YES;
				CLANG_WARN_COMMA = YES;
				CLANG_WARN_CONSTANT_CONVERSION = YES;
				CLANG_WARN_DEPRECATED_OBJC_IMPLEMENTATIONS = YES;
				CLANG_WARN_DIRECT_OBJC_ISA_USAGE = YES_ERROR;
				CLANG_WARN_DOCUMENTATION_COMMENTS = YES;
				CLANG_WARN_EMPTY_BODY = YES;
				CLANG_WARN_ENUM_CONVERSION = YES;
				CLANG_WARN_INFINITE_RECURSION = YES;
				CLANG_WARN_INT_CONVERSION = YES;
				CLANG_WARN_NON_LITERAL_NULL_CONVERSION = YES;
				CLANG_WARN_OBJC_IMPLICIT_RETAIN_SELF = YES;
				CLANG_WARN_OBJC_LITERAL_CONVERSION = YES;
				CLANG_WARN_OBJC_ROOT_CLASS = YES_ERROR;
				CLANG_WARN_RANGE_LOOP_ANALYSIS = YES;
				CLANG_WARN_STRICT_PROTOTYPES = YES;
				CLANG_WARN_SUSPICIOUS_MOVE = YES;
				CLANG_WARN_UNGUARDED_AVAILABILITY = YES_AGGRESSIVE;
				CLANG_WARN_UNREACHABLE_CODE = YES;
				CLANG_WARN__DUPLICATE_METHOD_MATCH = YES;
				CODE_SIGN_IDENTITY = "iPhone Developer";
				COPY_PHASE_STRIP = NO;
				DEBUG_INFORMATION_FORMAT = "dwarf-with-dsym";
				ENABLE_NS_ASSERTIONS = NO;
				ENABLE_STRICT_OBJC_MSGSEND = YES;
				GCC_C_LANGUAGE_STANDARD = gnu11;
				GCC_NO_COMMON_BLOCKS = YES;
				GCC_WARN_64_TO_32_BIT_CONVERSION = YES;
				GCC_WARN_ABOUT_RETURN_TYPE = YES_ERROR;
				GCC_WARN_UNDECLARED_SELECTOR = YES;
				GCC_WARN_UNINITIALIZED_AUTOS = YES_AGGRESSIVE;
				GCC_WARN_UNUSED_FUNCTION = YES;
				GCC_WARN_UNUSED_VARIABLE = YES;
				IPHONEOS_DEPLOYMENT_TARGET = 11.4;
				MTL_ENABLE_DEBUG_INFO = NO;
				SDKROOT = iphoneos;
				VALIDATE_PRODUCT = YES;
			};
			name = Release;
		};
		675D028420E1D9F2004E0687 /* Debug */ = {
			isa = XCBuildConfiguration;
			baseConfigurationReference = 0209C0D1716563EE50C31427 /* Pods-MySDKDemo.debug.xcconfig */;
			buildSettings = {
				ASSETCATALOG_COMPILER_APPICON_NAME = AppIcon;
				CODE_SIGN_STYLE = Manual;
				DEVELOPMENT_TEAM = CH78CKY35H;
				INFOPLIST_FILE = MySDKDemo/Info.plist;
				LD_RUNPATH_SEARCH_PATHS = (
					"$(inherited)",
					"@executable_path/Frameworks",
				);
				PRODUCT_BUNDLE_IDENTIFIER = com.kaolasdk.test20180321;
				PRODUCT_NAME = "$(TARGET_NAME)";
				PROVISIONING_PROFILE = "cd774aed-5bbc-46d7-9e7c-87ee86affc4d";
				PROVISIONING_PROFILE_SPECIFIER = sdktest_20180321_dev;
				TARGETED_DEVICE_FAMILY = "1,2";
			};
			name = Debug;
		};
		675D028520E1D9F2004E0687 /* Release */ = {
			isa = XCBuildConfiguration;
			baseConfigurationReference = 1CB74C22691A7C8CDB33C95D /* Pods-MySDKDemo.release.xcconfig */;
			buildSettings = {
				ASSETCATALOG_COMPILER_APPICON_NAME = AppIcon;
				CODE_SIGN_STYLE = Manual;
				DEVELOPMENT_TEAM = CH78CKY35H;
				INFOPLIST_FILE = MySDKDemo/Info.plist;
				LD_RUNPATH_SEARCH_PATHS = (
					"$(inherited)",
					"@executable_path/Frameworks",
				);
				PRODUCT_BUNDLE_IDENTIFIER = com.kaolasdk.test20180321;
				PRODUCT_NAME = "$(TARGET_NAME)";
				PROVISIONING_PROFILE = "cd774aed-5bbc-46d7-9e7c-87ee86affc4d";
				PROVISIONING_PROFILE_SPECIFIER = sdktest_20180321_dev;
				TARGETED_DEVICE_FAMILY = "1,2";
			};
			name = Release;
		};
		675D029520E1DA84004E0687 /* Debug */ = {
			isa = XCBuildConfiguration;
			baseConfigurationReference = EC22468AD4E648C2FB747C47 /* Pods-MySDKDemoKit.debug.xcconfig */;
			buildSettings = {
				CLANG_ALLOW_NON_MODULAR_INCLUDES_IN_FRAMEWORK_MODULES = NO;
				CODE_SIGN_IDENTITY = "";
				CODE_SIGN_STYLE = Automatic;
				CURRENT_PROJECT_VERSION = 1;
				DEFINES_MODULE = YES;
				DEVELOPMENT_TEAM = CH78CKY35H;
				DYLIB_COMPATIBILITY_VERSION = 1;
				DYLIB_CURRENT_VERSION = 1;
				DYLIB_INSTALL_NAME_BASE = "@rpath";
				INFOPLIST_FILE = MySDKDemoKit/Info.plist;
				INSTALL_PATH = "$(LOCAL_LIBRARY_DIR)/Frameworks";
				LD_RUNPATH_SEARCH_PATHS = (
					"$(inherited)",
					"@executable_path/Frameworks",
					"@loader_path/Frameworks",
				);
				PRODUCT_BUNDLE_IDENTIFIER = com.myTest.MySDKDemoKit;
				PRODUCT_NAME = "$(TARGET_NAME:c99extidentifier)";
				SKIP_INSTALL = YES;
				TARGETED_DEVICE_FAMILY = "1,2";
				VERSIONING_SYSTEM = "apple-generic";
				VERSION_INFO_PREFIX = "";
			};
			name = Debug;
		};
		675D029620E1DA84004E0687 /* Release */ = {
			isa = XCBuildConfiguration;
			baseConfigurationReference = 4E2911D1EF250000D9183269 /* Pods-MySDKDemoKit.release.xcconfig */;
			buildSettings = {
				CLANG_ALLOW_NON_MODULAR_INCLUDES_IN_FRAMEWORK_MODULES = NO;
				CODE_SIGN_IDENTITY = "";
				CODE_SIGN_STYLE = Automatic;
				CURRENT_PROJECT_VERSION = 1;
				DEFINES_MODULE = YES;
				DEVELOPMENT_TEAM = CH78CKY35H;
				DYLIB_COMPATIBILITY_VERSION = 1;
				DYLIB_CURRENT_VERSION = 1;
				DYLIB_INSTALL_NAME_BASE = "@rpath";
				INFOPLIST_FILE = MySDKDemoKit/Info.plist;
				INSTALL_PATH = "$(LOCAL_LIBRARY_DIR)/Frameworks";
				LD_RUNPATH_SEARCH_PATHS = (
					"$(inherited)",
					"@executable_path/Frameworks",
					"@loader_path/Frameworks",
				);
				PRODUCT_BUNDLE_IDENTIFIER = com.myTest.MySDKDemoKit;
				PRODUCT_NAME = "$(TARGET_NAME:c99extidentifier)";
				SKIP_INSTALL = YES;
				TARGETED_DEVICE_FAMILY = "1,2";
				VERSIONING_SYSTEM = "apple-generic";
				VERSION_INFO_PREFIX = "";
			};
			name = Release;
		};
/* End XCBuildConfiguration section */

/* Begin XCConfigurationList section */
		675D026820E1D9F0004E0687 /* Build configuration list for PBXProject "MySDKDemo" */ = {
			isa = XCConfigurationList;
			buildConfigurations = (
				675D028120E1D9F2004E0687 /* Debug */,
				675D028220E1D9F2004E0687 /* Release */,
			);
			defaultConfigurationIsVisible = 0;
			defaultConfigurationName = Release;
		};
		675D028320E1D9F2004E0687 /* Build configuration list for PBXNativeTarget "MySDKDemo" */ = {
			isa = XCConfigurationList;
			buildConfigurations = (
				675D028420E1D9F2004E0687 /* Debug */,
				675D028520E1D9F2004E0687 /* Release */,
			);
			defaultConfigurationIsVisible = 0;
			defaultConfigurationName = Release;
		};
		675D029420E1DA84004E0687 /* Build configuration list for PBXNativeTarget "MySDKDemoKit" */ = {
			isa = XCConfigurationList;
			buildConfigurations = (
				675D029520E1DA84004E0687 /* Debug */,
				675D029620E1DA84004E0687 /* Release */,
			);
			defaultConfigurationIsVisible = 0;
			defaultConfigurationName = Release;
		};
/* End XCConfigurationList section */
	};
	rootObject = 675D026520E1D9F0004E0687 /* Project object */;
}
